// !$*UTF8*$!
{
	archiveVersion = 1;
	classes = {
	};
	objectVersion = 51;
	objects = {

/* Begin PBXBuildFile section */
		461C0E0925FEB35800EFB254 /* RoundedTextField.swift in Sources */ = {isa = PBXBuildFile; fileRef = 461C0E0825FEB35800EFB254 /* RoundedTextField.swift */; };
		461C0E0E25FEBB4800EFB254 /* FilterButton.swift in Sources */ = {isa = PBXBuildFile; fileRef = 461C0E0D25FEBB4800EFB254 /* FilterButton.swift */; };
		461C0E1825FEEDF800EFB254 /* SearchPanel.swift in Sources */ = {isa = PBXBuildFile; fileRef = 461C0E1725FEEDF800EFB254 /* SearchPanel.swift */; };
		4662A09A25FD95DC00A551D8 /* LoginView.swift in Sources */ = {isa = PBXBuildFile; fileRef = 4662A09925FD95DB00A551D8 /* LoginView.swift */; };
		4662A09E25FD986300A551D8 /* RoundedButton.swift in Sources */ = {isa = PBXBuildFile; fileRef = 4662A09D25FD986300A551D8 /* RoundedButton.swift */; };
		4662A0A225FD9C6100A551D8 /* RegisterView.swift in Sources */ = {isa = PBXBuildFile; fileRef = 4662A0A125FD9C6100A551D8 /* RegisterView.swift */; };
		4662A0A625FDA1AE00A551D8 /* SessionStore.swift in Sources */ = {isa = PBXBuildFile; fileRef = 4662A0A525FDA1AE00A551D8 /* SessionStore.swift */; };
		4662A0AA25FDA24A00A551D8 /* WelcomePage.swift in Sources */ = {isa = PBXBuildFile; fileRef = 4662A0A925FDA24A00A551D8 /* WelcomePage.swift */; };
		4662A0B425FDD17400A551D8 /* Movie.swift in Sources */ = {isa = PBXBuildFile; fileRef = 4662A0B325FDD17400A551D8 /* Movie.swift */; };
		4662A0B725FDD54F00A551D8 /* MovieStore.swift in Sources */ = {isa = PBXBuildFile; fileRef = 4662A0B625FDD54F00A551D8 /* MovieStore.swift */; };
		4662A0BB25FDE56F00A551D8 /* movie-search.json in Resources */ = {isa = PBXBuildFile; fileRef = 4662A0BA25FDE56F00A551D8 /* movie-search.json */; };
		4662A0C325FDEB0F00A551D8 /* MovieList.swift in Sources */ = {isa = PBXBuildFile; fileRef = 4662A0C225FDEB0F00A551D8 /* MovieList.swift */; };
		4662A0C725FDEBEC00A551D8 /* MovieRow.swift in Sources */ = {isa = PBXBuildFile; fileRef = 4662A0C625FDEBEC00A551D8 /* MovieRow.swift */; };
		4662A0CB25FDF05300A551D8 /* MovieDetail.swift in Sources */ = {isa = PBXBuildFile; fileRef = 4662A0CA25FDF05300A551D8 /* MovieDetail.swift */; };
		4662A0D125FDF66500A551D8 /* MovieClient.swift in Sources */ = {isa = PBXBuildFile; fileRef = 4662A0D025FDF66500A551D8 /* MovieClient.swift */; };
		4662A0DA25FDF93000A551D8 /* GatewayClient.swift in Sources */ = {isa = PBXBuildFile; fileRef = 4662A0D925FDF93000A551D8 /* GatewayClient.swift */; };
		4662A0DD25FDF9A100A551D8 /* APIConfig.swift in Sources */ = {isa = PBXBuildFile; fileRef = 4662A0DC25FDF9A100A551D8 /* APIConfig.swift */; };
		4662A0EC25FE099B00A551D8 /* SessionData.swift in Sources */ = {isa = PBXBuildFile; fileRef = 4662A0EB25FE099B00A551D8 /* SessionData.swift */; };
		46D66EBA25FD5B6E00F6D92E /* FabFlixApp.swift in Sources */ = {isa = PBXBuildFile; fileRef = 46D66EB925FD5B6E00F6D92E /* FabFlixApp.swift */; };
		46D66EBC25FD5B6E00F6D92E /* ContentView.swift in Sources */ = {isa = PBXBuildFile; fileRef = 46D66EBB25FD5B6E00F6D92E /* ContentView.swift */; };
		46D66EBE25FD5B7A00F6D92E /* Assets.xcassets in Resources */ = {isa = PBXBuildFile; fileRef = 46D66EBD25FD5B7A00F6D92E /* Assets.xcassets */; };
		46D66EC125FD5B7A00F6D92E /* Preview Assets.xcassets in Resources */ = {isa = PBXBuildFile; fileRef = 46D66EC025FD5B7A00F6D92E /* Preview Assets.xcassets */; };
		7ED40D69F32767C041731857 /* Pods_FabFlix.framework in Frameworks */ = {isa = PBXBuildFile; fileRef = BB58650AE27950064A23D4BC /* Pods_FabFlix.framework */; };
/* End PBXBuildFile section */

/* Begin PBXFileReference section */
		3A87D325616E1BC3F42123B1 /* Pods-FabFlix.debug.xcconfig */ = {isa = PBXFileReference; includeInIndex = 1; lastKnownFileType = text.xcconfig; name = "Pods-FabFlix.debug.xcconfig"; path = "Target Support Files/Pods-FabFlix/Pods-FabFlix.debug.xcconfig"; sourceTree = "<group>"; };
		461C0E0825FEB35800EFB254 /* RoundedTextField.swift */ = {isa = PBXFileReference; lastKnownFileType = sourcecode.swift; path = RoundedTextField.swift; sourceTree = "<group>"; };
		461C0E0D25FEBB4800EFB254 /* FilterButton.swift */ = {isa = PBXFileReference; lastKnownFileType = sourcecode.swift; path = FilterButton.swift; sourceTree = "<group>"; };
		461C0E1725FEEDF800EFB254 /* SearchPanel.swift */ = {isa = PBXFileReference; lastKnownFileType = sourcecode.swift; path = SearchPanel.swift; sourceTree = "<group>"; };
		4662A09925FD95DB00A551D8 /* LoginView.swift */ = {isa = PBXFileReference; lastKnownFileType = sourcecode.swift; path = LoginView.swift; sourceTree = "<group>"; };
		4662A09D25FD986300A551D8 /* RoundedButton.swift */ = {isa = PBXFileReference; lastKnownFileType = sourcecode.swift; path = RoundedButton.swift; sourceTree = "<group>"; };
		4662A0A125FD9C6100A551D8 /* RegisterView.swift */ = {isa = PBXFileReference; lastKnownFileType = sourcecode.swift; path = RegisterView.swift; sourceTree = "<group>"; };
		4662A0A525FDA1AE00A551D8 /* SessionStore.swift */ = {isa = PBXFileReference; lastKnownFileType = sourcecode.swift; path = SessionStore.swift; sourceTree = "<group>"; };
		4662A0A925FDA24A00A551D8 /* WelcomePage.swift */ = {isa = PBXFileReference; lastKnownFileType = sourcecode.swift; path = WelcomePage.swift; sourceTree = "<group>"; };
		4662A0B325FDD17400A551D8 /* Movie.swift */ = {isa = PBXFileReference; lastKnownFileType = sourcecode.swift; path = Movie.swift; sourceTree = "<group>"; };
		4662A0B625FDD54F00A551D8 /* MovieStore.swift */ = {isa = PBXFileReference; lastKnownFileType = sourcecode.swift; path = MovieStore.swift; sourceTree = "<group>"; };
		4662A0BA25FDE56F00A551D8 /* movie-search.json */ = {isa = PBXFileReference; lastKnownFileType = text.json; path = "movie-search.json"; sourceTree = "<group>"; };
		4662A0C225FDEB0F00A551D8 /* MovieList.swift */ = {isa = PBXFileReference; lastKnownFileType = sourcecode.swift; path = MovieList.swift; sourceTree = "<group>"; };
		4662A0C625FDEBEC00A551D8 /* MovieRow.swift */ = {isa = PBXFileReference; lastKnownFileType = sourcecode.swift; path = MovieRow.swift; sourceTree = "<group>"; };
		4662A0CA25FDF05300A551D8 /* MovieDetail.swift */ = {isa = PBXFileReference; lastKnownFileType = sourcecode.swift; path = MovieDetail.swift; sourceTree = "<group>"; };
		4662A0D025FDF66500A551D8 /* MovieClient.swift */ = {isa = PBXFileReference; lastKnownFileType = sourcecode.swift; path = MovieClient.swift; sourceTree = "<group>"; };
		4662A0D925FDF93000A551D8 /* GatewayClient.swift */ = {isa = PBXFileReference; lastKnownFileType = sourcecode.swift; path = GatewayClient.swift; sourceTree = "<group>"; };
		4662A0DC25FDF9A100A551D8 /* APIConfig.swift */ = {isa = PBXFileReference; lastKnownFileType = sourcecode.swift; path = APIConfig.swift; sourceTree = "<group>"; };
		4662A0EB25FE099B00A551D8 /* SessionData.swift */ = {isa = PBXFileReference; lastKnownFileType = sourcecode.swift; path = SessionData.swift; sourceTree = "<group>"; };
		46D66EB625FD5B6E00F6D92E /* FabFlix.app */ = {isa = PBXFileReference; explicitFileType = wrapper.application; includeInIndex = 0; path = FabFlix.app; sourceTree = BUILT_PRODUCTS_DIR; };
		46D66EB925FD5B6E00F6D92E /* FabFlixApp.swift */ = {isa = PBXFileReference; lastKnownFileType = sourcecode.swift; path = FabFlixApp.swift; sourceTree = "<group>"; };
		46D66EBB25FD5B6E00F6D92E /* ContentView.swift */ = {isa = PBXFileReference; lastKnownFileType = sourcecode.swift; path = ContentView.swift; sourceTree = "<group>"; };
		46D66EBD25FD5B7A00F6D92E /* Assets.xcassets */ = {isa = PBXFileReference; lastKnownFileType = folder.assetcatalog; path = Assets.xcassets; sourceTree = "<group>"; };
		46D66EC025FD5B7A00F6D92E /* Preview Assets.xcassets */ = {isa = PBXFileReference; lastKnownFileType = folder.assetcatalog; path = "Preview Assets.xcassets"; sourceTree = "<group>"; };
		46D66EC225FD5B7A00F6D92E /* Info.plist */ = {isa = PBXFileReference; lastKnownFileType = text.plist.xml; path = Info.plist; sourceTree = "<group>"; };
		4BF8077F0E6C6AF538D218EF /* Pods-FabFlix.release.xcconfig */ = {isa = PBXFileReference; includeInIndex = 1; lastKnownFileType = text.xcconfig; name = "Pods-FabFlix.release.xcconfig"; path = "Target Support Files/Pods-FabFlix/Pods-FabFlix.release.xcconfig"; sourceTree = "<group>"; };
		BB58650AE27950064A23D4BC /* Pods_FabFlix.framework */ = {isa = PBXFileReference; explicitFileType = wrapper.framework; includeInIndex = 0; path = Pods_FabFlix.framework; sourceTree = BUILT_PRODUCTS_DIR; };
/* End PBXFileReference section */

/* Begin PBXFrameworksBuildPhase section */
		46D66EB325FD5B6E00F6D92E /* Frameworks */ = {
			isa = PBXFrameworksBuildPhase;
			buildActionMask = 2147483647;
			files = (
				7ED40D69F32767C041731857 /* Pods_FabFlix.framework in Frameworks */,
			);
			runOnlyForDeploymentPostprocessing = 0;
		};
/* End PBXFrameworksBuildPhase section */

/* Begin PBXGroup section */
		461C0E0625FEACBE00EFB254 /* Config */ = {
			isa = PBXGroup;
			children = (
				4662A0DC25FDF9A100A551D8 /* APIConfig.swift */,
			);
			path = Config;
			sourceTree = "<group>";
		};
		4662A0AD25FDA45500A551D8 /* Views */ = {
			isa = PBXGroup;
			children = (
				4662A0C525FDEBE200A551D8 /* Movie */,
				4662A0B025FDA48700A551D8 /* Components */,
				4662A0AF25FDA47900A551D8 /* Welcome */,
				46D66EBB25FD5B6E00F6D92E /* ContentView.swift */,
			);
			path = Views;
			sourceTree = "<group>";
		};
		4662A0AE25FDA46D00A551D8 /* Models */ = {
			isa = PBXGroup;
			children = (
				4662A0EB25FE099B00A551D8 /* SessionData.swift */,
				4662A0A525FDA1AE00A551D8 /* SessionStore.swift */,
				4662A0B625FDD54F00A551D8 /* MovieStore.swift */,
				4662A0B325FDD17400A551D8 /* Movie.swift */,
			);
			path = Models;
			sourceTree = "<group>";
		};
		4662A0AF25FDA47900A551D8 /* Welcome */ = {
			isa = PBXGroup;
			children = (
				4662A09925FD95DB00A551D8 /* LoginView.swift */,
				4662A0A925FDA24A00A551D8 /* WelcomePage.swift */,
				4662A0A125FD9C6100A551D8 /* RegisterView.swift */,
			);
			path = Welcome;
			sourceTree = "<group>";
		};
		4662A0B025FDA48700A551D8 /* Components */ = {
			isa = PBXGroup;
			children = (
				4662A09D25FD986300A551D8 /* RoundedButton.swift */,
				461C0E0825FEB35800EFB254 /* RoundedTextField.swift */,
				461C0E0D25FEBB4800EFB254 /* FilterButton.swift */,
			);
			path = Components;
			sourceTree = "<group>";
		};
		4662A0B925FDE54100A551D8 /* Resources */ = {
			isa = PBXGroup;
			children = (
				4662A0BA25FDE56F00A551D8 /* movie-search.json */,
			);
			path = Resources;
			sourceTree = "<group>";
		};
		4662A0C525FDEBE200A551D8 /* Movie */ = {
			isa = PBXGroup;
			children = (
				4662A0C625FDEBEC00A551D8 /* MovieRow.swift */,
				4662A0C225FDEB0F00A551D8 /* MovieList.swift */,
				4662A0CA25FDF05300A551D8 /* MovieDetail.swift */,
				461C0E1725FEEDF800EFB254 /* SearchPanel.swift */,
			);
			path = Movie;
			sourceTree = "<group>";
		};
		4662A0CF25FDF5E700A551D8 /* Client */ = {
			isa = PBXGroup;
			children = (
				4662A0D025FDF66500A551D8 /* MovieClient.swift */,
				4662A0D925FDF93000A551D8 /* GatewayClient.swift */,
			);
			path = Client;
			sourceTree = "<group>";
		};
		46D66EAD25FD5B6E00F6D92E = {
			isa = PBXGroup;
			children = (
				46D66EB825FD5B6E00F6D92E /* FabFlix */,
				46D66EB725FD5B6E00F6D92E /* Products */,
				6A96502E074A9F0CCA7080E3 /* Pods */,
				F1833BDB8823F2E984E85A45 /* Frameworks */,
			);
			sourceTree = "<group>";
		};
		46D66EB725FD5B6E00F6D92E /* Products */ = {
			isa = PBXGroup;
			children = (
				46D66EB625FD5B6E00F6D92E /* FabFlix.app */,
			);
			name = Products;
			sourceTree = "<group>";
		};
		46D66EB825FD5B6E00F6D92E /* FabFlix */ = {
			isa = PBXGroup;
			children = (
				461C0E0625FEACBE00EFB254 /* Config */,
				4662A0CF25FDF5E700A551D8 /* Client */,
				4662A0AE25FDA46D00A551D8 /* Models */,
				4662A0AD25FDA45500A551D8 /* Views */,
				46D66EB925FD5B6E00F6D92E /* FabFlixApp.swift */,
				46D66EBD25FD5B7A00F6D92E /* Assets.xcassets */,
				46D66EC225FD5B7A00F6D92E /* Info.plist */,
				4662A0B925FDE54100A551D8 /* Resources */,
				46D66EBF25FD5B7A00F6D92E /* Preview Content */,
			);
			path = FabFlix;
			sourceTree = "<group>";
		};
		46D66EBF25FD5B7A00F6D92E /* Preview Content */ = {
			isa = PBXGroup;
			children = (
				46D66EC025FD5B7A00F6D92E /* Preview Assets.xcassets */,
			);
			path = "Preview Content";
			sourceTree = "<group>";
		};
		6A96502E074A9F0CCA7080E3 /* Pods */ = {
			isa = PBXGroup;
			children = (
				3A87D325616E1BC3F42123B1 /* Pods-FabFlix.debug.xcconfig */,
				4BF8077F0E6C6AF538D218EF /* Pods-FabFlix.release.xcconfig */,
			);
			path = Pods;
			sourceTree = "<group>";
		};
		F1833BDB8823F2E984E85A45 /* Frameworks */ = {
			isa = PBXGroup;
			children = (
				BB58650AE27950064A23D4BC /* Pods_FabFlix.framework */,
			);
			name = Frameworks;
			sourceTree = "<group>";
		};
/* End PBXGroup section */

/* Begin PBXNativeTarget section */
		46D66EB525FD5B6E00F6D92E /* FabFlix */ = {
			isa = PBXNativeTarget;
			buildConfigurationList = 46D66EC525FD5B7A00F6D92E /* Build configuration list for PBXNativeTarget "FabFlix" */;
			buildPhases = (
				77D66FF0A97074DC07125E78 /* [CP] Check Pods Manifest.lock */,
				46D66EB225FD5B6E00F6D92E /* Sources */,
				46D66EB325FD5B6E00F6D92E /* Frameworks */,
				46D66EB425FD5B6E00F6D92E /* Resources */,
				AD02EAD5318EF096FF08D66D /* [CP] Embed Pods Frameworks */,
			);
			buildRules = (
			);
			dependencies = (
			);
			name = FabFlix;
			productName = FabFlix;
			productReference = 46D66EB625FD5B6E00F6D92E /* FabFlix.app */;
			productType = "com.apple.product-type.application";
		};
/* End PBXNativeTarget section */

/* Begin PBXProject section */
		46D66EAE25FD5B6E00F6D92E /* Project object */ = {
			isa = PBXProject;
			attributes = {
				LastSwiftUpdateCheck = 1240;
				LastUpgradeCheck = 1240;
				TargetAttributes = {
					46D66EB525FD5B6E00F6D92E = {
						CreatedOnToolsVersion = 12.4;
					};
				};
			};
			buildConfigurationList = 46D66EB125FD5B6E00F6D92E /* Build configuration list for PBXProject "FabFlix" */;
			compatibilityVersion = "Xcode 9.3";
			developmentRegion = en;
			hasScannedForEncodings = 0;
			knownRegions = (
				en,
				Base,
			);
			mainGroup = 46D66EAD25FD5B6E00F6D92E;
			productRefGroup = 46D66EB725FD5B6E00F6D92E /* Products */;
			projectDirPath = "";
			projectRoot = "";
			targets = (
				46D66EB525FD5B6E00F6D92E /* FabFlix */,
			);
		};
/* End PBXProject section */

/* Begin PBXResourcesBuildPhase section */
		46D66EB425FD5B6E00F6D92E /* Resources */ = {
			isa = PBXResourcesBuildPhase;
			buildActionMask = 2147483647;
			files = (
				46D66EC125FD5B7A00F6D92E /* Preview Assets.xcassets in Resources */,
				4662A0BB25FDE56F00A551D8 /* movie-search.json in Resources */,
				46D66EBE25FD5B7A00F6D92E /* Assets.xcassets in Resources */,
			);
			runOnlyForDeploymentPostprocessing = 0;
		};
/* End PBXResourcesBuildPhase section */

/* Begin PBXShellScriptBuildPhase section */
		77D66FF0A97074DC07125E78 /* [CP] Check Pods Manifest.lock */ = {
			isa = PBXShellScriptBuildPhase;
			buildActionMask = 2147483647;
			files = (
			);
			inputFileListPaths = (
			);
			inputPaths = (
				"${PODS_PODFILE_DIR_PATH}/Podfile.lock",
				"${PODS_ROOT}/Manifest.lock",
			);
			name = "[CP] Check Pods Manifest.lock";
			outputFileListPaths = (
			);
			outputPaths = (
				"$(DERIVED_FILE_DIR)/Pods-FabFlix-checkManifestLockResult.txt",
			);
			runOnlyForDeploymentPostprocessing = 0;
			shellPath = /bin/sh;
			shellScript = "diff \"${PODS_PODFILE_DIR_PATH}/Podfile.lock\" \"${PODS_ROOT}/Manifest.lock\" > /dev/null\nif [ $? != 0 ] ; then\n    # print error to STDERR\n    echo \"error: The sandbox is not in sync with the Podfile.lock. Run 'pod install' or update your CocoaPods installation.\" >&2\n    exit 1\nfi\n# This output is used by Xcode 'outputs' to avoid re-running this script phase.\necho \"SUCCESS\" > \"${SCRIPT_OUTPUT_FILE_0}\"\n";
			showEnvVarsInLog = 0;
		};
		AD02EAD5318EF096FF08D66D /* [CP] Embed Pods Frameworks */ = {
			isa = PBXShellScriptBuildPhase;
			buildActionMask = 2147483647;
			files = (
			);
			inputFileListPaths = (
				"${PODS_ROOT}/Target Support Files/Pods-FabFlix/Pods-FabFlix-frameworks-${CONFIGURATION}-input-files.xcfilelist",
			);
			name = "[CP] Embed Pods Frameworks";
			outputFileListPaths = (
				"${PODS_ROOT}/Target Support Files/Pods-FabFlix/Pods-FabFlix-frameworks-${CONFIGURATION}-output-files.xcfilelist",
			);
			runOnlyForDeploymentPostprocessing = 0;
			shellPath = /bin/sh;
			shellScript = "\"${PODS_ROOT}/Target Support Files/Pods-FabFlix/Pods-FabFlix-frameworks.sh\"\n";
			showEnvVarsInLog = 0;
		};
/* End PBXShellScriptBuildPhase section */

/* Begin PBXSourcesBuildPhase section */
		46D66EB225FD5B6E00F6D92E /* Sources */ = {
			isa = PBXSourcesBuildPhase;
			buildActionMask = 2147483647;
			files = (
				4662A09A25FD95DC00A551D8 /* LoginView.swift in Sources */,
				461C0E0E25FEBB4800EFB254 /* FilterButton.swift in Sources */,
				4662A0DA25FDF93000A551D8 /* GatewayClient.swift in Sources */,
				4662A0DD25FDF9A100A551D8 /* APIConfig.swift in Sources */,
				4662A0EC25FE099B00A551D8 /* SessionData.swift in Sources */,
				4662A0B725FDD54F00A551D8 /* MovieStore.swift in Sources */,
				4662A0A225FD9C6100A551D8 /* RegisterView.swift in Sources */,
				461C0E0925FEB35800EFB254 /* RoundedTextField.swift in Sources */,
				4662A0CB25FDF05300A551D8 /* MovieDetail.swift in Sources */,
				46D66EBC25FD5B6E00F6D92E /* ContentView.swift in Sources */,
				46D66EBA25FD5B6E00F6D92E /* FabFlixApp.swift in Sources */,
				4662A0C725FDEBEC00A551D8 /* MovieRow.swift in Sources */,
				4662A0AA25FDA24A00A551D8 /* WelcomePage.swift in Sources */,
				461C0E1825FEEDF800EFB254 /* SearchPanel.swift in Sources */,
				4662A0A625FDA1AE00A551D8 /* SessionStore.swift in Sources */,
				4662A0B425FDD17400A551D8 /* Movie.swift in Sources */,
				4662A0C325FDEB0F00A551D8 /* MovieList.swift in Sources */,
				4662A0D125FDF66500A551D8 /* MovieClient.swift in Sources */,
				4662A09E25FD986300A551D8 /* RoundedButton.swift in Sources */,
			);
			runOnlyForDeploymentPostprocessing = 0;
		};
/* End PBXSourcesBuildPhase section */

/* Begin XCBuildConfiguration section */
		46D66EC325FD5B7A00F6D92E /* Debug */ = {
			isa = XCBuildConfiguration;
			buildSettings = {
				ALWAYS_SEARCH_USER_PATHS = NO;
				CLANG_ANALYZER_NONNULL = YES;
				CLANG_ANALYZER_NUMBER_OBJECT_CONVERSION = YES_AGGRESSIVE;
				CLANG_CXX_LANGUAGE_STANDARD = "gnu++14";
				CLANG_CXX_LIBRARY = "libc++";
				CLANG_ENABLE_MODULES = YES;
				CLANG_ENABLE_OBJC_ARC = YES;
				CLANG_ENABLE_OBJC_WEAK = YES;
				CLANG_WARN_BLOCK_CAPTURE_AUTORELEASING = YES;
				CLANG_WARN_BOOL_CONVERSION = YES;
				CLANG_WARN_COMMA = YES;
				CLANG_WARN_CONSTANT_CONVERSION = YES;
				CLANG_WARN_DEPRECATED_OBJC_IMPLEMENTATIONS = YES;
				CLANG_WARN_DIRECT_OBJC_ISA_USAGE = YES_ERROR;
				CLANG_WARN_DOCUMENTATION_COMMENTS = YES;
				CLANG_WARN_EMPTY_BODY = YES;
				CLANG_WARN_ENUM_CONVERSION = YES;
				CLANG_WARN_INFINITE_RECURSION = YES;
				CLANG_WARN_INT_CONVERSION = YES;
				CLANG_WARN_NON_LITERAL_NULL_CONVERSION = YES;
				CLANG_WARN_OBJC_IMPLICIT_RETAIN_SELF = YES;
				CLANG_WARN_OBJC_LITERAL_CONVERSION = YES;
				CLANG_WARN_OBJC_ROOT_CLASS = YES_ERROR;
				CLANG_WARN_QUOTED_INCLUDE_IN_FRAMEWORK_HEADER = YES;
				CLANG_WARN_RANGE_LOOP_ANALYSIS = YES;
				CLANG_WARN_STRICT_PROTOTYPES = YES;
				CLANG_WARN_SUSPICIOUS_MOVE = YES;
				CLANG_WARN_UNGUARDED_AVAILABILITY = YES_AGGRESSIVE;
				CLANG_WARN_UNREACHABLE_CODE = YES;
				CLANG_WARN__DUPLICATE_METHOD_MATCH = YES;
				COPY_PHASE_STRIP = NO;
				DEBUG_INFORMATION_FORMAT = dwarf;
				ENABLE_STRICT_OBJC_MSGSEND = YES;
				ENABLE_TESTABILITY = YES;
				GCC_C_LANGUAGE_STANDARD = gnu11;
				GCC_DYNAMIC_NO_PIC = NO;
				GCC_NO_COMMON_BLOCKS = YES;
				GCC_OPTIMIZATION_LEVEL = 0;
				GCC_PREPROCESSOR_DEFINITIONS = (
					"DEBUG=1",
					"$(inherited)",
				);
				GCC_WARN_64_TO_32_BIT_CONVERSION = YES;
				GCC_WARN_ABOUT_RETURN_TYPE = YES_ERROR;
				GCC_WARN_UNDECLARED_SELECTOR = YES;
				GCC_WARN_UNINITIALIZED_AUTOS = YES_AGGRESSIVE;
				GCC_WARN_UNUSED_FUNCTION = YES;
				GCC_WARN_UNUSED_VARIABLE = YES;
				IPHONEOS_DEPLOYMENT_TARGET = 14.4;
				MTL_ENABLE_DEBUG_INFO = INCLUDE_SOURCE;
				MTL_FAST_MATH = YES;
				ONLY_ACTIVE_ARCH = YES;
				SDKROOT = iphoneos;
				SWIFT_ACTIVE_COMPILATION_CONDITIONS = DEBUG;
				SWIFT_OPTIMIZATION_LEVEL = "-Onone";
			};
			name = Debug;
		};
		46D66EC425FD5B7A00F6D92E /* Release */ = {
			isa = XCBuildConfiguration;
			buildSettings = {
				ALWAYS_SEARCH_USER_PATHS = NO;
				CLANG_ANALYZER_NONNULL = YES;
				CLANG_ANALYZER_NUMBER_OBJECT_CONVERSION = YES_AGGRESSIVE;
				CLANG_CXX_LANGUAGE_STANDARD = "gnu++14";
				CLANG_CXX_LIBRARY = "libc++";
				CLANG_ENABLE_MODULES = YES;
				CLANG_ENABLE_OBJC_ARC = YES;
				CLANG_ENABLE_OBJC_WEAK = YES;
				CLANG_WARN_BLOCK_CAPTURE_AUTORELEASING = YES;
				CLANG_WARN_BOOL_CONVERSION = YES;
				CLANG_WARN_COMMA = YES;
				CLANG_WARN_CONSTANT_CONVERSION = YES;
				CLANG_WARN_DEPRECATED_OBJC_IMPLEMENTATIONS = YES;
				CLANG_WARN_DIRECT_OBJC_ISA_USAGE = YES_ERROR;
				CLANG_WARN_DOCUMENTATION_COMMENTS = YES;
				CLANG_WARN_EMPTY_BODY = YES;
				CLANG_WARN_ENUM_CONVERSION = YES;
				CLANG_WARN_INFINITE_RECURSION = YES;
				CLANG_WARN_INT_CONVERSION = YES;
				CLANG_WARN_NON_LITERAL_NULL_CONVERSION = YES;
				CLANG_WARN_OBJC_IMPLICIT_RETAIN_SELF = YES;
				CLANG_WARN_OBJC_LITERAL_CONVERSION = YES;
				CLANG_WARN_OBJC_ROOT_CLASS = YES_ERROR;
				CLANG_WARN_QUOTED_INCLUDE_IN_FRAMEWORK_HEADER = YES;
				CLANG_WARN_RANGE_LOOP_ANALYSIS = YES;
				CLANG_WARN_STRICT_PROTOTYPES = YES;
				CLANG_WARN_SUSPICIOUS_MOVE = YES;
				CLANG_WARN_UNGUARDED_AVAILABILITY = YES_AGGRESSIVE;
				CLANG_WARN_UNREACHABLE_CODE = YES;
				CLANG_WARN__DUPLICATE_METHOD_MATCH = YES;
				COPY_PHASE_STRIP = NO;
				DEBUG_INFORMATION_FORMAT = "dwarf-with-dsym";
				ENABLE_NS_ASSERTIONS = NO;
				ENABLE_STRICT_OBJC_MSGSEND = YES;
				GCC_C_LANGUAGE_STANDARD = gnu11;
				GCC_NO_COMMON_BLOCKS = YES;
				GCC_WARN_64_TO_32_BIT_CONVERSION = YES;
				GCC_WARN_ABOUT_RETURN_TYPE = YES_ERROR;
				GCC_WARN_UNDECLARED_SELECTOR = YES;
				GCC_WARN_UNINITIALIZED_AUTOS = YES_AGGRESSIVE;
				GCC_WARN_UNUSED_FUNCTION = YES;
				GCC_WARN_UNUSED_VARIABLE = YES;
				IPHONEOS_DEPLOYMENT_TARGET = 14.4;
				MTL_ENABLE_DEBUG_INFO = NO;
				MTL_FAST_MATH = YES;
				SDKROOT = iphoneos;
				SWIFT_COMPILATION_MODE = wholemodule;
				SWIFT_OPTIMIZATION_LEVEL = "-O";
				VALIDATE_PRODUCT = YES;
			};
			name = Release;
		};
		46D66EC625FD5B7A00F6D92E /* Debug */ = {
			isa = XCBuildConfiguration;
			baseConfigurationReference = 3A87D325616E1BC3F42123B1 /* Pods-FabFlix.debug.xcconfig */;
			buildSettings = {
				ASSETCATALOG_COMPILER_APPICON_NAME = AppIcon;
				ASSETCATALOG_COMPILER_GLOBAL_ACCENT_COLOR_NAME = AccentColor;
				CODE_SIGN_STYLE = Automatic;
				DEVELOPMENT_ASSET_PATHS = "\"FabFlix/Preview Content\"";
				DEVELOPMENT_TEAM = RU62WF75ZQ;
				ENABLE_PREVIEWS = YES;
				INFOPLIST_FILE = FabFlix/Info.plist;
				IPHONEOS_DEPLOYMENT_TARGET = 14.0;
				LD_RUNPATH_SEARCH_PATHS = (
					"$(inherited)",
					"@executable_path/Frameworks",
				);
				PRODUCT_BUNDLE_IDENTIFIER = com.example.FabFlix;
				PRODUCT_NAME = "$(TARGET_NAME)";
				SWIFT_VERSION = 5.0;
				TARGETED_DEVICE_FAMILY = "1,2";
			};
			name = Debug;
		};
		46D66EC725FD5B7A00F6D92E /* Release */ = {
			isa = XCBuildConfiguration;
			baseConfigurationReference = 4BF8077F0E6C6AF538D218EF /* Pods-FabFlix.release.xcconfig */;
			buildSettings = {
				ASSETCATALOG_COMPILER_APPICON_NAME = AppIcon;
				ASSETCATALOG_COMPILER_GLOBAL_ACCENT_COLOR_NAME = AccentColor;
				CODE_SIGN_STYLE = Automatic;
				DEVELOPMENT_ASSET_PATHS = "\"FabFlix/Preview Content\"";
				DEVELOPMENT_TEAM = RU62WF75ZQ;
				ENABLE_PREVIEWS = YES;
				INFOPLIST_FILE = FabFlix/Info.plist;
				IPHONEOS_DEPLOYMENT_TARGET = 14.0;
				LD_RUNPATH_SEARCH_PATHS = (
					"$(inherited)",
					"@executable_path/Frameworks",
				);
				PRODUCT_BUNDLE_IDENTIFIER = com.example.FabFlix;
				PRODUCT_NAME = "$(TARGET_NAME)";
				SWIFT_VERSION = 5.0;
				TARGETED_DEVICE_FAMILY = "1,2";
			};
			name = Release;
		};
/* End XCBuildConfiguration section */

/* Begin XCConfigurationList section */
		46D66EB125FD5B6E00F6D92E /* Build configuration list for PBXProject "FabFlix" */ = {
			isa = XCConfigurationList;
			buildConfigurations = (
				46D66EC325FD5B7A00F6D92E /* Debug */,
				46D66EC425FD5B7A00F6D92E /* Release */,
			);
			defaultConfigurationIsVisible = 0;
			defaultConfigurationName = Release;
		};
		46D66EC525FD5B7A00F6D92E /* Build configuration list for PBXNativeTarget "FabFlix" */ = {
			isa = XCConfigurationList;
			buildConfigurations = (
				46D66EC625FD5B7A00F6D92E /* Debug */,
				46D66EC725FD5B7A00F6D92E /* Release */,
			);
			defaultConfigurationIsVisible = 0;
			defaultConfigurationName = Release;
		};
/* End XCConfigurationList section */
	};
	rootObject = 46D66EAE25FD5B6E00F6D92E /* Project object */;
}
